
Microsoft Visual Studio Solution File, Format Version 11.00
# Visual Studio 2010
Project("{FAE04EC0-301F-11D3-BF4B-00C04F79EFBC}") = "NorthHorizon.Common.Xmp", "NorthHorizon.Common.Xmp\NorthHorizon.Common.Xmp.csproj", "{8ED061E9-18E6-45A4-A8D9-B72CCE97836F}"
EndProject
Project("{FAE04EC0-301F-11D3-BF4B-00C04F79EFBC}") = "NorthHorizon.Common.Xmp.Tests", "NorthHorizon.Common.Xmp.Tests\NorthHorizon.Common.Xmp.Tests.csproj", "{95686AEC-DEEF-4C4C-8A27-A3C2551858F6}"
EndProject
Global
	GlobalSection(SolutionConfigurationPlatforms) = preSolution
		Debug|Any CPU = Debug|Any CPU
		Release|Any CPU = Release|Any CPU
	EndGlobalSection
	GlobalSection(ProjectConfigurationPlatforms) = postSolution
		{8ED061E9-18E6-45A4-A8D9-B72CCE97836F}.Debug|Any CPU.ActiveCfg = Debug|Any CPU
		{8ED061E9-18E6-45A4-A8D9-B72CCE97836F}.Debug|Any CPU.Build.0 = Debug|Any CPU
		{8ED061E9-18E6-45A4-A8D9-B72CCE97836F}.Release|Any CPU.ActiveCfg = Release|Any CPU
		{8ED061E9-18E6-45A4-A8D9-B72CCE97836F}.Release|Any CPU.Build.0 = Release|Any CPU
		{95686AEC-DEEF-4C4C-8A27-A3C2551858F6}.Debug|Any CPU.ActiveCfg = Debug|Any CPU
		{95686AEC-DEEF-4C4C-8A27-A3C2551858F6}.Debug|Any CPU.Build.0 = Debug|Any CPU
		{95686AEC-DEEF-4C4C-8A27-A3C2551858F6}.Release|Any CPU.ActiveCfg = Release|Any CPU
		{95686AEC-DEEF-4C4C-8A27-A3C2551858F6}.Release|Any CPU.Build.0 = Release|Any CPU
	EndGlobalSection
	GlobalSection(SolutionProperties) = preSolution
		HideSolutionNode = FALSE
	EndGlobalSection
EndGlobal
